
Microsoft Visual Studio Solution File, Format Version 11.00
# Visual Studio 2010
Project("{FAE04EC0-301F-11D3-BF4B-00C04F79EFBC}") = "LacteosTolima.App", "LacteosTolima.App\LacteosTolima.App.csproj", "{E61C28CD-8795-416E-9925-A4C3028FAC69}"
EndProject
Global
	GlobalSection(PowerDesigner) = preSolution
		HasSWS = 1
	EndGlobalSection
	GlobalSection(SolutionConfigurationPlatforms) = preSolution
		Debug|Any CPU = Debug|Any CPU
		Release|Any CPU = Release|Any CPU
	EndGlobalSection
	GlobalSection(ProjectConfigurationPlatforms) = postSolution
		{E61C28CD-8795-416E-9925-A4C3028FAC69}.Debug|Any CPU.ActiveCfg = Debug|Any CPU
		{E61C28CD-8795-416E-9925-A4C3028FAC69}.Debug|Any CPU.Build.0 = Debug|Any CPU
		{E61C28CD-8795-416E-9925-A4C3028FAC69}.Release|Any CPU.ActiveCfg = Release|Any CPU
		{E61C28CD-8795-416E-9925-A4C3028FAC69}.Release|Any CPU.Build.0 = Release|Any CPU
	EndGlobalSection
	GlobalSection(SolutionProperties) = preSolution
		HideSolutionNode = FALSE
	EndGlobalSection
EndGlobal
